
Microsoft Visual Studio Solution File, Format Version 12.00
# Visual Studio Version 16
VisualStudioVersion = 16.0.31515.178
MinimumVisualStudioVersion = 10.0.40219.1
Project("{FAE04EC0-301F-11D3-BF4B-00C04F79EFBC}") = "PaymentApi", "PaymentApi\PaymentApi.csproj", "{001C188A-BB98-4BB6-9D5D-98804A4BFB7E}"
EndProject
Global
	GlobalSection(SolutionConfigurationPlatforms) = preSolution
		Debug|Any CPU = Debug|Any CPU
		Release|Any CPU = Release|Any CPU
	EndGlobalSection
	GlobalSection(ProjectConfigurationPlatforms) = postSolution
		{001C188A-BB98-4BB6-9D5D-98804A4BFB7E}.Debug|Any CPU.ActiveCfg = Debug|Any CPU
		{001C188A-BB98-4BB6-9D5D-98804A4BFB7E}.Debug|Any CPU.Build.0 = Debug|Any CPU
		{001C188A-BB98-4BB6-9D5D-98804A4BFB7E}.Release|Any CPU.ActiveCfg = Release|Any CPU
		{001C188A-BB98-4BB6-9D5D-98804A4BFB7E}.Release|Any CPU.Build.0 = Release|Any CPU
	EndGlobalSection
	GlobalSection(SolutionProperties) = preSolution
		HideSolutionNode = FALSE
	EndGlobalSection
	GlobalSection(ExtensibilityGlobals) = postSolution
		SolutionGuid = {9B1819F1-F709-449E-9DD4-49D06FDA0432}
	EndGlobalSection
EndGlobal
